
Microsoft Visual Studio Solution File, Format Version 12.00
# Visual Studio Version 16
VisualStudioVersion = 16.0.30413.136
MinimumVisualStudioVersion = 10.0.40219.1
Project("{FAE04EC0-301F-11D3-BF4B-00C04F79EFBC}") = "TechProject-3b-JKrachenfels", "TechProject-3b-JKrachenfels.csproj", "{119E9B69-EE27-4DAC-AE64-141BA646E023}"
EndProject
Global
	GlobalSection(SolutionConfigurationPlatforms) = preSolution
		Debug|Any CPU = Debug|Any CPU
		Release|Any CPU = Release|Any CPU
	EndGlobalSection
	GlobalSection(ProjectConfigurationPlatforms) = postSolution
		{119E9B69-EE27-4DAC-AE64-141BA646E023}.Debug|Any CPU.ActiveCfg = Debug|Any CPU
		{119E9B69-EE27-4DAC-AE64-141BA646E023}.Debug|Any CPU.Build.0 = Debug|Any CPU
		{119E9B69-EE27-4DAC-AE64-141BA646E023}.Release|Any CPU.ActiveCfg = Release|Any CPU
		{119E9B69-EE27-4DAC-AE64-141BA646E023}.Release|Any CPU.Build.0 = Release|Any CPU
	EndGlobalSection
	GlobalSection(SolutionProperties) = preSolution
		HideSolutionNode = FALSE
	EndGlobalSection
	GlobalSection(ExtensibilityGlobals) = postSolution
		SolutionGuid = {6DB6BDED-D46F-433E-89EE-030528AF6FB5}
	EndGlobalSection
EndGlobal
